
Microsoft Visual Studio Solution File, Format Version 12.00
# Visual Studio Version 17
VisualStudioVersion = 17.2.32616.157
MinimumVisualStudioVersion = 10.0.40219.1
Project("{FAE04EC0-301F-11D3-BF4B-00C04F79EFBC}") = "OOO_Rul", "OOO_Rul\OOO_Rul.csproj", "{DED42F7A-B2F3-439B-ACDA-D1ED86413E4A}"
EndProject
Global
	GlobalSection(SolutionConfigurationPlatforms) = preSolution
		Debug|Any CPU = Debug|Any CPU
		Release|Any CPU = Release|Any CPU
	EndGlobalSection
	GlobalSection(ProjectConfigurationPlatforms) = postSolution
		{DED42F7A-B2F3-439B-ACDA-D1ED86413E4A}.Debug|Any CPU.ActiveCfg = Debug|Any CPU
		{DED42F7A-B2F3-439B-ACDA-D1ED86413E4A}.Debug|Any CPU.Build.0 = Debug|Any CPU
		{DED42F7A-B2F3-439B-ACDA-D1ED86413E4A}.Release|Any CPU.ActiveCfg = Release|Any CPU
		{DED42F7A-B2F3-439B-ACDA-D1ED86413E4A}.Release|Any CPU.Build.0 = Release|Any CPU
	EndGlobalSection
	GlobalSection(SolutionProperties) = preSolution
		HideSolutionNode = FALSE
	EndGlobalSection
	GlobalSection(ExtensibilityGlobals) = postSolution
		SolutionGuid = {C3D6EC0A-FC25-48A5-8D8A-A7CB4800F646}
	EndGlobalSection
EndGlobal
